
Microsoft Visual Studio Solution File, Format Version 12.00
# Visual Studio 15
Project("{FAE04EC0-301F-11D3-BF4B-00C04F79EFBC}") = "Assembly-CSharp", "Assembly-CSharp.csproj", "{44153FEA-F954-0A05-1A4C-D116EC31B228}"
EndProject
Project("{FAE04EC0-301F-11D3-BF4B-00C04F79EFBC}") = "PhotonUnityNetworking.Demos", "PhotonUnityNetworking.Demos.csproj", "{6869A39E-1BD9-29B3-29CF-999AE92A2D20}"
EndProject
Project("{FAE04EC0-301F-11D3-BF4B-00C04F79EFBC}") = "PhotonRealtime", "PhotonRealtime.csproj", "{7CED851E-372A-2D85-C297-8E02A16F7F19}"
EndProject
Project("{FAE04EC0-301F-11D3-BF4B-00C04F79EFBC}") = "PhotonUnityNetworking", "PhotonUnityNetworking.csproj", "{4E40E6FF-EDA4-AEEF-0EF2-B2B96D8A59DB}"
EndProject
Project("{FAE04EC0-301F-11D3-BF4B-00C04F79EFBC}") = "PhotonUnityNetworking.Utilities", "PhotonUnityNetworking.Utilities.csproj", "{E5C1FAB8-FEC0-52D2-A955-52A8D294F65C}"
EndProject
Project("{FAE04EC0-301F-11D3-BF4B-00C04F79EFBC}") = "PhotonChat", "PhotonChat.csproj", "{79E93606-0D95-3DEE-D1F8-F53C591784AF}"
EndProject
Project("{FAE04EC0-301F-11D3-BF4B-00C04F79EFBC}") = "PhotonUnityNetworking.Editor", "PhotonUnityNetworking.Editor.csproj", "{8DEE7A37-1E39-02FF-01A8-507727C2B95B}"
EndProject
Project("{FAE04EC0-301F-11D3-BF4B-00C04F79EFBC}") = "PhotonUnityNetworking.Utilities.PhotonPlayer.Editor", "PhotonUnityNetworking.Utilities.PhotonPlayer.Editor.csproj", "{8E6313DE-FEF6-E489-8070-DA696D1F6D2F}"
EndProject
Project("{FAE04EC0-301F-11D3-BF4B-00C04F79EFBC}") = "PunDemos.DemoSlotcarEditor", "PunDemos.DemoSlotcarEditor.csproj", "{593EA0AB-9647-EE9C-8B28-E1166423B0AB}"
EndProject
Project("{FAE04EC0-301F-11D3-BF4B-00C04F79EFBC}") = "PhotonUnityNetworking.Utilities.Culling.Editor", "PhotonUnityNetworking.Utilities.Culling.Editor.csproj", "{EC391981-6923-5096-924E-F411EBEBFEDA}"
EndProject
Project("{FAE04EC0-301F-11D3-BF4B-00C04F79EFBC}") = "Assembly-CSharp-Editor", "Assembly-CSharp-Editor.csproj", "{FB0C560B-42E6-8715-7A00-8D94B6248CBE}"
EndProject
Project("{FAE04EC0-301F-11D3-BF4B-00C04F79EFBC}") = "PunDemos.DemoHubEditor", "PunDemos.DemoHubEditor.csproj", "{D0938BFD-C74B-B9AA-C1F7-8CB17AE17A60}"
EndProject
Global
	GlobalSection(SolutionConfigurationPlatforms) = preSolution
		Debug|Any CPU = Debug|Any CPU
		Release|Any CPU = Release|Any CPU
	EndGlobalSection
	GlobalSection(ProjectConfigurationPlatforms) = postSolution
		{44153FEA-F954-0A05-1A4C-D116EC31B228}.Debug|Any CPU.ActiveCfg = Debug|Any CPU
		{44153FEA-F954-0A05-1A4C-D116EC31B228}.Debug|Any CPU.Build.0 = Debug|Any CPU
		{44153FEA-F954-0A05-1A4C-D116EC31B228}.Release|Any CPU.ActiveCfg = Release|Any CPU
		{44153FEA-F954-0A05-1A4C-D116EC31B228}.Release|Any CPU.Build.0 = Release|Any CPU
		{6869A39E-1BD9-29B3-29CF-999AE92A2D20}.Debug|Any CPU.ActiveCfg = Debug|Any CPU
		{6869A39E-1BD9-29B3-29CF-999AE92A2D20}.Debug|Any CPU.Build.0 = Debug|Any CPU
		{6869A39E-1BD9-29B3-29CF-999AE92A2D20}.Release|Any CPU.ActiveCfg = Release|Any CPU
		{6869A39E-1BD9-29B3-29CF-999AE92A2D20}.Release|Any CPU.Build.0 = Release|Any CPU
		{7CED851E-372A-2D85-C297-8E02A16F7F19}.Debug|Any CPU.ActiveCfg = Debug|Any CPU
		{7CED851E-372A-2D85-C297-8E02A16F7F19}.Debug|Any CPU.Build.0 = Debug|Any CPU
		{7CED851E-372A-2D85-C297-8E02A16F7F19}.Release|Any CPU.ActiveCfg = Release|Any CPU
		{7CED851E-372A-2D85-C297-8E02A16F7F19}.Release|Any CPU.Build.0 = Release|Any CPU
		{4E40E6FF-EDA4-AEEF-0EF2-B2B96D8A59DB}.Debug|Any CPU.ActiveCfg = Debug|Any CPU
		{4E40E6FF-EDA4-AEEF-0EF2-B2B96D8A59DB}.Debug|Any CPU.Build.0 = Debug|Any CPU
		{4E40E6FF-EDA4-AEEF-0EF2-B2B96D8A59DB}.Release|Any CPU.ActiveCfg = Release|Any CPU
		{4E40E6FF-EDA4-AEEF-0EF2-B2B96D8A59DB}.Release|Any CPU.Build.0 = Release|Any CPU
		{E5C1FAB8-FEC0-52D2-A955-52A8D294F65C}.Debug|Any CPU.ActiveCfg = Debug|Any CPU
		{E5C1FAB8-FEC0-52D2-A955-52A8D294F65C}.Debug|Any CPU.Build.0 = Debug|Any CPU
		{E5C1FAB8-FEC0-52D2-A955-52A8D294F65C}.Release|Any CPU.ActiveCfg = Release|Any CPU
		{E5C1FAB8-FEC0-52D2-A955-52A8D294F65C}.Release|Any CPU.Build.0 = Release|Any CPU
		{79E93606-0D95-3DEE-D1F8-F53C591784AF}.Debug|Any CPU.ActiveCfg = Debug|Any CPU
		{79E93606-0D95-3DEE-D1F8-F53C591784AF}.Debug|Any CPU.Build.0 = Debug|Any CPU
		{79E93606-0D95-3DEE-D1F8-F53C591784AF}.Release|Any CPU.ActiveCfg = Release|Any CPU
		{79E93606-0D95-3DEE-D1F8-F53C591784AF}.Release|Any CPU.Build.0 = Release|Any CPU
		{8DEE7A37-1E39-02FF-01A8-507727C2B95B}.Debug|Any CPU.ActiveCfg = Debug|Any CPU
		{8DEE7A37-1E39-02FF-01A8-507727C2B95B}.Debug|Any CPU.Build.0 = Debug|Any CPU
		{8DEE7A37-1E39-02FF-01A8-507727C2B95B}.Release|Any CPU.ActiveCfg = Release|Any CPU
		{8DEE7A37-1E39-02FF-01A8-507727C2B95B}.Release|Any CPU.Build.0 = Release|Any CPU
		{8E6313DE-FEF6-E489-8070-DA696D1F6D2F}.Debug|Any CPU.ActiveCfg = Debug|Any CPU
		{8E6313DE-FEF6-E489-8070-DA696D1F6D2F}.Debug|Any CPU.Build.0 = Debug|Any CPU
		{8E6313DE-FEF6-E489-8070-DA696D1F6D2F}.Release|Any CPU.ActiveCfg = Release|Any CPU
		{8E6313DE-FEF6-E489-8070-DA696D1F6D2F}.Release|Any CPU.Build.0 = Release|Any CPU
		{593EA0AB-9647-EE9C-8B28-E1166423B0AB}.Debug|Any CPU.ActiveCfg = Debug|Any CPU
		{593EA0AB-9647-EE9C-8B28-E1166423B0AB}.Debug|Any CPU.Build.0 = Debug|Any CPU
		{593EA0AB-9647-EE9C-8B28-E1166423B0AB}.Release|Any CPU.ActiveCfg = Release|Any CPU
		{593EA0AB-9647-EE9C-8B28-E1166423B0AB}.Release|Any CPU.Build.0 = Release|Any CPU
		{EC391981-6923-5096-924E-F411EBEBFEDA}.Debug|Any CPU.ActiveCfg = Debug|Any CPU
		{EC391981-6923-5096-924E-F411EBEBFEDA}.Debug|Any CPU.Build.0 = Debug|Any CPU
		{EC391981-6923-5096-924E-F411EBEBFEDA}.Release|Any CPU.ActiveCfg = Release|Any CPU
		{EC391981-6923-5096-924E-F411EBEBFEDA}.Release|Any CPU.Build.0 = Release|Any CPU
		{FB0C560B-42E6-8715-7A00-8D94B6248CBE}.Debug|Any CPU.ActiveCfg = Debug|Any CPU
		{FB0C560B-42E6-8715-7A00-8D94B6248CBE}.Debug|Any CPU.Build.0 = Debug|Any CPU
		{FB0C560B-42E6-8715-7A00-8D94B6248CBE}.Release|Any CPU.ActiveCfg = Release|Any CPU
		{FB0C560B-42E6-8715-7A00-8D94B6248CBE}.Release|Any CPU.Build.0 = Release|Any CPU
		{D0938BFD-C74B-B9AA-C1F7-8CB17AE17A60}.Debug|Any CPU.ActiveCfg = Debug|Any CPU
		{D0938BFD-C74B-B9AA-C1F7-8CB17AE17A60}.Debug|Any CPU.Build.0 = Debug|Any CPU
		{D0938BFD-C74B-B9AA-C1F7-8CB17AE17A60}.Release|Any CPU.ActiveCfg = Release|Any CPU
		{D0938BFD-C74B-B9AA-C1F7-8CB17AE17A60}.Release|Any CPU.Build.0 = Release|Any CPU
	EndGlobalSection
	GlobalSection(SolutionProperties) = preSolution
		HideSolutionNode = FALSE
	EndGlobalSection
EndGlobal
